
Microsoft Visual Studio Solution File, Format Version 12.00
# Visual Studio 15
VisualStudioVersion = 15.0.28307.421
MinimumVisualStudioVersion = 10.0.40219.1
Project("{FAE04EC0-301F-11D3-BF4B-00C04F79EFBC}") = "Page120_Task", "Page120_Task\Page120_Task.csproj", "{DDF320E5-9511-4ABF-A4BB-9339FB76804D}"
EndProject
Global
	GlobalSection(SolutionConfigurationPlatforms) = preSolution
		Debug|Any CPU = Debug|Any CPU
		Release|Any CPU = Release|Any CPU
	EndGlobalSection
	GlobalSection(ProjectConfigurationPlatforms) = postSolution
		{DDF320E5-9511-4ABF-A4BB-9339FB76804D}.Debug|Any CPU.ActiveCfg = Debug|Any CPU
		{DDF320E5-9511-4ABF-A4BB-9339FB76804D}.Debug|Any CPU.Build.0 = Debug|Any CPU
		{DDF320E5-9511-4ABF-A4BB-9339FB76804D}.Release|Any CPU.ActiveCfg = Release|Any CPU
		{DDF320E5-9511-4ABF-A4BB-9339FB76804D}.Release|Any CPU.Build.0 = Release|Any CPU
	EndGlobalSection
	GlobalSection(SolutionProperties) = preSolution
		HideSolutionNode = FALSE
	EndGlobalSection
	GlobalSection(ExtensibilityGlobals) = postSolution
		SolutionGuid = {EEDF9CF9-C629-46B3-A2E9-B6F5B6D59C03}
	EndGlobalSection
EndGlobal
