
Microsoft Visual Studio Solution File, Format Version 12.00
# Visual Studio 15
VisualStudioVersion = 15.0.28307.421
MinimumVisualStudioVersion = 10.0.40219.1
Project("{FAE04EC0-301F-11D3-BF4B-00C04F79EFBC}") = "Page131_Task", "Page131_Task\Page131_Task.csproj", "{099DDDCF-7CBC-4E0F-9B3D-777CBE96CEF8}"
EndProject
Global
	GlobalSection(SolutionConfigurationPlatforms) = preSolution
		Debug|Any CPU = Debug|Any CPU
		Release|Any CPU = Release|Any CPU
	EndGlobalSection
	GlobalSection(ProjectConfigurationPlatforms) = postSolution
		{099DDDCF-7CBC-4E0F-9B3D-777CBE96CEF8}.Debug|Any CPU.ActiveCfg = Debug|Any CPU
		{099DDDCF-7CBC-4E0F-9B3D-777CBE96CEF8}.Debug|Any CPU.Build.0 = Debug|Any CPU
		{099DDDCF-7CBC-4E0F-9B3D-777CBE96CEF8}.Release|Any CPU.ActiveCfg = Release|Any CPU
		{099DDDCF-7CBC-4E0F-9B3D-777CBE96CEF8}.Release|Any CPU.Build.0 = Release|Any CPU
	EndGlobalSection
	GlobalSection(SolutionProperties) = preSolution
		HideSolutionNode = FALSE
	EndGlobalSection
	GlobalSection(ExtensibilityGlobals) = postSolution
		SolutionGuid = {A85658FB-AD46-4336-A5D7-03AF1F9DBF39}
	EndGlobalSection
EndGlobal
