
Microsoft Visual Studio Solution File, Format Version 12.00
# Visual Studio 15
VisualStudioVersion = 15.0.28307.421
MinimumVisualStudioVersion = 10.0.40219.1
Project("{FAE04EC0-301F-11D3-BF4B-00C04F79EFBC}") = "Page156_Task", "Page156_Task\Page156_Task.csproj", "{68AF3359-6E33-4154-BDF4-025E5DB91306}"
EndProject
Global
	GlobalSection(SolutionConfigurationPlatforms) = preSolution
		Debug|Any CPU = Debug|Any CPU
		Release|Any CPU = Release|Any CPU
	EndGlobalSection
	GlobalSection(ProjectConfigurationPlatforms) = postSolution
		{68AF3359-6E33-4154-BDF4-025E5DB91306}.Debug|Any CPU.ActiveCfg = Debug|Any CPU
		{68AF3359-6E33-4154-BDF4-025E5DB91306}.Debug|Any CPU.Build.0 = Debug|Any CPU
		{68AF3359-6E33-4154-BDF4-025E5DB91306}.Release|Any CPU.ActiveCfg = Release|Any CPU
		{68AF3359-6E33-4154-BDF4-025E5DB91306}.Release|Any CPU.Build.0 = Release|Any CPU
	EndGlobalSection
	GlobalSection(SolutionProperties) = preSolution
		HideSolutionNode = FALSE
	EndGlobalSection
	GlobalSection(ExtensibilityGlobals) = postSolution
		SolutionGuid = {F3642484-8A20-4167-A614-6A05B8D6689A}
	EndGlobalSection
EndGlobal
