
Microsoft Visual Studio Solution File, Format Version 12.00
# Visual Studio 15
VisualStudioVersion = 15.0.28307.421
MinimumVisualStudioVersion = 10.0.40219.1
Project("{FAE04EC0-301F-11D3-BF4B-00C04F79EFBC}") = "Page117_Task", "Page117_Task\Page117_Task.csproj", "{AA5DACC6-4FCC-448E-A836-BF0C02F7B0A0}"
EndProject
Global
	GlobalSection(SolutionConfigurationPlatforms) = preSolution
		Debug|Any CPU = Debug|Any CPU
		Release|Any CPU = Release|Any CPU
	EndGlobalSection
	GlobalSection(ProjectConfigurationPlatforms) = postSolution
		{AA5DACC6-4FCC-448E-A836-BF0C02F7B0A0}.Debug|Any CPU.ActiveCfg = Debug|Any CPU
		{AA5DACC6-4FCC-448E-A836-BF0C02F7B0A0}.Debug|Any CPU.Build.0 = Debug|Any CPU
		{AA5DACC6-4FCC-448E-A836-BF0C02F7B0A0}.Release|Any CPU.ActiveCfg = Release|Any CPU
		{AA5DACC6-4FCC-448E-A836-BF0C02F7B0A0}.Release|Any CPU.Build.0 = Release|Any CPU
	EndGlobalSection
	GlobalSection(SolutionProperties) = preSolution
		HideSolutionNode = FALSE
	EndGlobalSection
	GlobalSection(ExtensibilityGlobals) = postSolution
		SolutionGuid = {92BDDE68-17D4-4400-8A0C-C35352A6A13F}
	EndGlobalSection
EndGlobal
